
Microsoft Visual Studio Solution File, Format Version 12.00
# Visual Studio Version 17
VisualStudioVersion = 17.0.31903.59
MinimumVisualStudioVersion = 10.0.40219.1
Project("{2150E333-8FDC-42A3-9474-1A3956D46DE8}") = "Services", "Services", "{0D4891C9-76A8-41D5-B199-532FB845EBE4}"
EndProject
Project("{FAE04EC0-301F-11D3-BF4B-00C04F79EFBC}") = "CatalogAPI", "Services\CatalogAPI\CatalogAPI.csproj", "{CA9CE836-0459-437B-ACDF-1EDCB98B270E}"
EndProject
Project("{2150E333-8FDC-42A3-9474-1A3956D46DE8}") = "Basket", "Basket", "{5DFF7EDF-A08D-4B1F-8D7B-AA4BC0B9EDF9}"
EndProject
Project("{FAE04EC0-301F-11D3-BF4B-00C04F79EFBC}") = "BasketAPI", "Services\Basket\BasketAPI\BasketAPI.csproj", "{E5B60468-8239-4223-BDA6-362C914FA1EA}"
EndProject
Project("{2150E333-8FDC-42A3-9474-1A3956D46DE8}") = "Discount", "Discount", "{748E42F1-3958-4A80-9082-B85939A5BD11}"
EndProject
Project("{FAE04EC0-301F-11D3-BF4B-00C04F79EFBC}") = "DiscountAPI", "Services\Discount\DiscountAPI\DiscountAPI.csproj", "{D53160B5-3DE9-4811-9C60-81DDD3D2C30E}"
EndProject
Project("{FAE04EC0-301F-11D3-BF4B-00C04F79EFBC}") = "DiscountGrpc", "Services\Discount\DiscountGrpc\DiscountGrpc.csproj", "{8D48CBD7-BE30-46D5-8CA3-D787807D57B3}"
EndProject
Global
	GlobalSection(SolutionConfigurationPlatforms) = preSolution
		Debug|Any CPU = Debug|Any CPU
		Release|Any CPU = Release|Any CPU
	EndGlobalSection
	GlobalSection(SolutionProperties) = preSolution
		HideSolutionNode = FALSE
	EndGlobalSection
	GlobalSection(ProjectConfigurationPlatforms) = postSolution
		{CA9CE836-0459-437B-ACDF-1EDCB98B270E}.Debug|Any CPU.ActiveCfg = Debug|Any CPU
		{CA9CE836-0459-437B-ACDF-1EDCB98B270E}.Debug|Any CPU.Build.0 = Debug|Any CPU
		{CA9CE836-0459-437B-ACDF-1EDCB98B270E}.Release|Any CPU.ActiveCfg = Release|Any CPU
		{CA9CE836-0459-437B-ACDF-1EDCB98B270E}.Release|Any CPU.Build.0 = Release|Any CPU
		{E5B60468-8239-4223-BDA6-362C914FA1EA}.Debug|Any CPU.ActiveCfg = Debug|Any CPU
		{E5B60468-8239-4223-BDA6-362C914FA1EA}.Debug|Any CPU.Build.0 = Debug|Any CPU
		{E5B60468-8239-4223-BDA6-362C914FA1EA}.Release|Any CPU.ActiveCfg = Release|Any CPU
		{E5B60468-8239-4223-BDA6-362C914FA1EA}.Release|Any CPU.Build.0 = Release|Any CPU
		{D53160B5-3DE9-4811-9C60-81DDD3D2C30E}.Debug|Any CPU.ActiveCfg = Debug|Any CPU
		{D53160B5-3DE9-4811-9C60-81DDD3D2C30E}.Debug|Any CPU.Build.0 = Debug|Any CPU
		{D53160B5-3DE9-4811-9C60-81DDD3D2C30E}.Release|Any CPU.ActiveCfg = Release|Any CPU
		{D53160B5-3DE9-4811-9C60-81DDD3D2C30E}.Release|Any CPU.Build.0 = Release|Any CPU
		{8D48CBD7-BE30-46D5-8CA3-D787807D57B3}.Debug|Any CPU.ActiveCfg = Debug|Any CPU
		{8D48CBD7-BE30-46D5-8CA3-D787807D57B3}.Debug|Any CPU.Build.0 = Debug|Any CPU
		{8D48CBD7-BE30-46D5-8CA3-D787807D57B3}.Release|Any CPU.ActiveCfg = Release|Any CPU
		{8D48CBD7-BE30-46D5-8CA3-D787807D57B3}.Release|Any CPU.Build.0 = Release|Any CPU
	EndGlobalSection
	GlobalSection(NestedProjects) = preSolution
		{CA9CE836-0459-437B-ACDF-1EDCB98B270E} = {0D4891C9-76A8-41D5-B199-532FB845EBE4}
		{5DFF7EDF-A08D-4B1F-8D7B-AA4BC0B9EDF9} = {0D4891C9-76A8-41D5-B199-532FB845EBE4}
		{E5B60468-8239-4223-BDA6-362C914FA1EA} = {5DFF7EDF-A08D-4B1F-8D7B-AA4BC0B9EDF9}
		{748E42F1-3958-4A80-9082-B85939A5BD11} = {0D4891C9-76A8-41D5-B199-532FB845EBE4}
		{D53160B5-3DE9-4811-9C60-81DDD3D2C30E} = {748E42F1-3958-4A80-9082-B85939A5BD11}
		{8D48CBD7-BE30-46D5-8CA3-D787807D57B3} = {748E42F1-3958-4A80-9082-B85939A5BD11}
	EndGlobalSection
EndGlobal
